
Microsoft Visual Studio Solution File, Format Version 12.00
# Visual Studio Version 16
VisualStudioVersion = 16.0.30320.27
MinimumVisualStudioVersion = 10.0.40219.1
Project("{FAE04EC0-301F-11D3-BF4B-00C04F79EFBC}") = "Strategy Pattern First Look", "Strategy Pattern First Look\Strategy Pattern First Look.csproj", "{80B64F5C-0EF4-4DDA-8850-7D12140E7A42}"
EndProject
Global
	GlobalSection(SolutionConfigurationPlatforms) = preSolution
		Debug|Any CPU = Debug|Any CPU
		Release|Any CPU = Release|Any CPU
	EndGlobalSection
	GlobalSection(ProjectConfigurationPlatforms) = postSolution
		{80B64F5C-0EF4-4DDA-8850-7D12140E7A42}.Debug|Any CPU.ActiveCfg = Debug|Any CPU
		{80B64F5C-0EF4-4DDA-8850-7D12140E7A42}.Debug|Any CPU.Build.0 = Debug|Any CPU
		{80B64F5C-0EF4-4DDA-8850-7D12140E7A42}.Release|Any CPU.ActiveCfg = Release|Any CPU
		{80B64F5C-0EF4-4DDA-8850-7D12140E7A42}.Release|Any CPU.Build.0 = Release|Any CPU
	EndGlobalSection
	GlobalSection(SolutionProperties) = preSolution
		HideSolutionNode = FALSE
	EndGlobalSection
	GlobalSection(ExtensibilityGlobals) = postSolution
		SolutionGuid = {1B22369A-DDC4-4AA6-AE81-18C86BA7E328}
	EndGlobalSection
EndGlobal
